
Microsoft Visual Studio Solution File, Format Version 12.00
# Visual Studio 2013
VisualStudioVersion = 12.0.31101.0
MinimumVisualStudioVersion = 10.0.40219.1
Project("{f2a71f9b-5d33-465a-a702-920d77279786}") = "ConnectFour", "src\ConnectFour\ConnectFour.fsproj", "{29F65027-88A4-46D5-87C6-D0C0A01C5A1E}"
EndProject
Project("{f2a71f9b-5d33-465a-a702-920d77279786}") = "ConnectFour.Tests", "tests\ConnectFour.Tests\ConnectFour.Tests.fsproj", "{2828BB31-2AB0-4175-AE2F-D1F0A99F5BC9}"
EndProject
Project("{2150E333-8FDC-42A3-9474-1A3956D46DE8}") = "Solution Items", "Solution Items", "{BA9E76FB-E776-4330-9887-43B12F117813}"
	ProjectSection(SolutionItems) = preProject
		build.cmd = build.cmd
		build.fsx = build.fsx
		build.sh = build.sh
		paket.dependencies = paket.dependencies
		paket.lock = paket.lock
	EndProjectSection
EndProject
Global
	GlobalSection(SolutionProperties) = preSolution
		HideSolutionNode = FALSE
	EndGlobalSection
	GlobalSection(SolutionConfigurationPlatforms) = preSolution
		Debug|Any CPU = Debug|Any CPU
		Release|Any CPU = Release|Any CPU
	EndGlobalSection
	GlobalSection(ProjectConfigurationPlatforms) = postSolution
		{29F65027-88A4-46D5-87C6-D0C0A01C5A1E}.Debug|Any CPU.ActiveCfg = Debug|Any CPU
		{29F65027-88A4-46D5-87C6-D0C0A01C5A1E}.Debug|Any CPU.Build.0 = Debug|Any CPU
		{29F65027-88A4-46D5-87C6-D0C0A01C5A1E}.Release|Any CPU.ActiveCfg = Release|Any CPU
		{29F65027-88A4-46D5-87C6-D0C0A01C5A1E}.Release|Any CPU.Build.0 = Release|Any CPU
		{2828BB31-2AB0-4175-AE2F-D1F0A99F5BC9}.Debug|Any CPU.ActiveCfg = Debug|Any CPU
		{2828BB31-2AB0-4175-AE2F-D1F0A99F5BC9}.Debug|Any CPU.Build.0 = Debug|Any CPU
		{2828BB31-2AB0-4175-AE2F-D1F0A99F5BC9}.Release|Any CPU.ActiveCfg = Release|Any CPU
		{2828BB31-2AB0-4175-AE2F-D1F0A99F5BC9}.Release|Any CPU.Build.0 = Release|Any CPU
	EndGlobalSection
EndGlobal
